
Microsoft Visual Studio Solution File, Format Version 12.00
# Visual Studio Version 17
VisualStudioVersion = 17.4.33213.308
MinimumVisualStudioVersion = 10.0.40219.1
Project("{FAE04EC0-301F-11D3-BF4B-00C04F79EFBC}") = "modul5_1302210070", "modul5_1302210070.csproj", "{4533BF61-9B58-4FCA-90A9-CBD733EAC2D8}"
EndProject
Global
	GlobalSection(SolutionConfigurationPlatforms) = preSolution
		Debug|Any CPU = Debug|Any CPU
		Release|Any CPU = Release|Any CPU
	EndGlobalSection
	GlobalSection(ProjectConfigurationPlatforms) = postSolution
		{4533BF61-9B58-4FCA-90A9-CBD733EAC2D8}.Debug|Any CPU.ActiveCfg = Debug|Any CPU
		{4533BF61-9B58-4FCA-90A9-CBD733EAC2D8}.Debug|Any CPU.Build.0 = Debug|Any CPU
		{4533BF61-9B58-4FCA-90A9-CBD733EAC2D8}.Release|Any CPU.ActiveCfg = Release|Any CPU
		{4533BF61-9B58-4FCA-90A9-CBD733EAC2D8}.Release|Any CPU.Build.0 = Release|Any CPU
	EndGlobalSection
	GlobalSection(SolutionProperties) = preSolution
		HideSolutionNode = FALSE
	EndGlobalSection
	GlobalSection(ExtensibilityGlobals) = postSolution
		SolutionGuid = {15A7AFD7-3DD0-4770-816D-E469067CE290}
	EndGlobalSection
EndGlobal
